// !$*UTF8*$!
{
	archiveVersion = 1;
	classes = {
	};
	objectVersion = 50;
	objects = {

/* Begin PBXBuildFile section */
		D45FE63F2278034E00BFD756 /* AppDelegate.m in Sources */ = {isa = PBXBuildFile; fileRef = D45FE63E2278034E00BFD756 /* AppDelegate.m */; };
		D45FE6422278034E00BFD756 /* ViewController.m in Sources */ = {isa = PBXBuildFile; fileRef = D45FE6412278034E00BFD756 /* ViewController.m */; };
		D45FE6452278034E00BFD756 /* Main.storyboard in Resources */ = {isa = PBXBuildFile; fileRef = D45FE6432278034E00BFD756 /* Main.storyboard */; };
		D45FE6472278035400BFD756 /* Assets.xcassets in Resources */ = {isa = PBXBuildFile; fileRef = D45FE6462278035400BFD756 /* Assets.xcassets */; };
		D45FE64A2278035400BFD756 /* LaunchScreen.storyboard in Resources */ = {isa = PBXBuildFile; fileRef = D45FE6482278035400BFD756 /* LaunchScreen.storyboard */; };
		D45FE64D2278035400BFD756 /* main.m in Sources */ = {isa = PBXBuildFile; fileRef = D45FE64C2278035400BFD756 /* main.m */; };
		D45FE657227804B100BFD756 /* BaseTableViewCell.m in Sources */ = {isa = PBXBuildFile; fileRef = D45FE656227804B100BFD756 /* BaseTableViewCell.m */; };
		D45FE65A227804C600BFD756 /* BaseCollectionViewCell.m in Sources */ = {isa = PBXBuildFile; fileRef = D45FE659227804C600BFD756 /* BaseCollectionViewCell.m */; };
		D45FE65E2278051300BFD756 /* BaseResueModel.m in Sources */ = {isa = PBXBuildFile; fileRef = D45FE65D2278051300BFD756 /* BaseResueModel.m */; };
		D45FE6612278066500BFD756 /* BaseCollectionViewFlowLayout.m in Sources */ = {isa = PBXBuildFile; fileRef = D45FE6602278066500BFD756 /* BaseCollectionViewFlowLayout.m */; };
		D45FE66522780A1F00BFD756 /* BaseReuseDataManager.m in Sources */ = {isa = PBXBuildFile; fileRef = D45FE66422780A1F00BFD756 /* BaseReuseDataManager.m */; };
		D45FE66822780A3400BFD756 /* BaseDataManager.m in Sources */ = {isa = PBXBuildFile; fileRef = D45FE66722780A3400BFD756 /* BaseDataManager.m */; };
		D45FE66C22780E4E00BFD756 /* BaseViewController.m in Sources */ = {isa = PBXBuildFile; fileRef = D45FE66B22780E4E00BFD756 /* BaseViewController.m */; };
		D45FE6782278132600BFD756 /* BaseClassTests.m in Sources */ = {isa = PBXBuildFile; fileRef = D45FE6772278132600BFD756 /* BaseClassTests.m */; };
		D45FE681227813DF00BFD756 /* BaseTabBarController.m in Sources */ = {isa = PBXBuildFile; fileRef = D45FE680227813DF00BFD756 /* BaseTabBarController.m */; };
		D45FE684227813FD00BFD756 /* BaseNavigationController.m in Sources */ = {isa = PBXBuildFile; fileRef = D45FE683227813FD00BFD756 /* BaseNavigationController.m */; };
		D45FE68922782C3000BFD756 /* Test_TabBarController.m in Sources */ = {isa = PBXBuildFile; fileRef = D45FE68722782C3000BFD756 /* Test_TabBarController.m */; };
		D45FE68A22782C3000BFD756 /* Test_TabBarController.xib in Resources */ = {isa = PBXBuildFile; fileRef = D45FE68822782C3000BFD756 /* Test_TabBarController.xib */; };
		D45FE68E22782C4D00BFD756 /* Test_NavigationController.m in Sources */ = {isa = PBXBuildFile; fileRef = D45FE68C22782C4D00BFD756 /* Test_NavigationController.m */; };
		D45FE68F22782C4D00BFD756 /* Test_NavigationController.xib in Resources */ = {isa = PBXBuildFile; fileRef = D45FE68D22782C4D00BFD756 /* Test_NavigationController.xib */; };
		D45FE69322782C6100BFD756 /* Test_ViewController.m in Sources */ = {isa = PBXBuildFile; fileRef = D45FE69122782C6100BFD756 /* Test_ViewController.m */; };
		D45FE69422782C6100BFD756 /* Test_ViewController.xib in Resources */ = {isa = PBXBuildFile; fileRef = D45FE69222782C6100BFD756 /* Test_ViewController.xib */; };
		D45FE69922782EE400BFD756 /* Test_DataManager.m in Sources */ = {isa = PBXBuildFile; fileRef = D45FE69822782EE400BFD756 /* Test_DataManager.m */; };
		D45FE69C22782EF700BFD756 /* Test_ReuseModel.m in Sources */ = {isa = PBXBuildFile; fileRef = D45FE69B22782EF700BFD756 /* Test_ReuseModel.m */; };
		D45FE6A022782F5500BFD756 /* Test_TableViewCell.m in Sources */ = {isa = PBXBuildFile; fileRef = D45FE69E22782F5500BFD756 /* Test_TableViewCell.m */; };
		D45FE6A122782F5500BFD756 /* Test_TableViewCell.xib in Resources */ = {isa = PBXBuildFile; fileRef = D45FE69F22782F5500BFD756 /* Test_TableViewCell.xib */; };
		D45FE6AB227838A700BFD756 /* Test_CVFlowLayout.m in Sources */ = {isa = PBXBuildFile; fileRef = D45FE6AA227838A700BFD756 /* Test_CVFlowLayout.m */; };
		D45FE6AF22783AE900BFD756 /* Test_CollectionViewCell.m in Sources */ = {isa = PBXBuildFile; fileRef = D45FE6AD22783AE900BFD756 /* Test_CollectionViewCell.m */; };
		D45FE6B022783AE900BFD756 /* Test_CollectionViewCell.xib in Resources */ = {isa = PBXBuildFile; fileRef = D45FE6AE22783AE900BFD756 /* Test_CollectionViewCell.xib */; };
		D45FE6B422783F3500BFD756 /* Test_CollectionViewController.m in Sources */ = {isa = PBXBuildFile; fileRef = D45FE6B222783F3500BFD756 /* Test_CollectionViewController.m */; };
		D45FE6B522783F3500BFD756 /* Test_CollectionViewController.xib in Resources */ = {isa = PBXBuildFile; fileRef = D45FE6B322783F3500BFD756 /* Test_CollectionViewController.xib */; };
/* End PBXBuildFile section */

/* Begin PBXContainerItemProxy section */
		D45FE67A2278132600BFD756 /* PBXContainerItemProxy */ = {
			isa = PBXContainerItemProxy;
			containerPortal = D45FE6322278034E00BFD756 /* Project object */;
			proxyType = 1;
			remoteGlobalIDString = D45FE6392278034E00BFD756;
			remoteInfo = BaseClass;
		};
/* End PBXContainerItemProxy section */

/* Begin PBXFileReference section */
		D45FE63A2278034E00BFD756 /* BaseClass.app */ = {isa = PBXFileReference; explicitFileType = wrapper.application; includeInIndex = 0; path = BaseClass.app; sourceTree = BUILT_PRODUCTS_DIR; };
		D45FE63D2278034E00BFD756 /* AppDelegate.h */ = {isa = PBXFileReference; lastKnownFileType = sourcecode.c.h; path = AppDelegate.h; sourceTree = "<group>"; };
		D45FE63E2278034E00BFD756 /* AppDelegate.m */ = {isa = PBXFileReference; lastKnownFileType = sourcecode.c.objc; path = AppDelegate.m; sourceTree = "<group>"; };
		D45FE6402278034E00BFD756 /* ViewController.h */ = {isa = PBXFileReference; lastKnownFileType = sourcecode.c.h; path = ViewController.h; sourceTree = "<group>"; };
		D45FE6412278034E00BFD756 /* ViewController.m */ = {isa = PBXFileReference; lastKnownFileType = sourcecode.c.objc; path = ViewController.m; sourceTree = "<group>"; };
		D45FE6442278034E00BFD756 /* Base */ = {isa = PBXFileReference; lastKnownFileType = file.storyboard; name = Base; path = Base.lproj/Main.storyboard; sourceTree = "<group>"; };
		D45FE6462278035400BFD756 /* Assets.xcassets */ = {isa = PBXFileReference; lastKnownFileType = folder.assetcatalog; path = Assets.xcassets; sourceTree = "<group>"; };
		D45FE6492278035400BFD756 /* Base */ = {isa = PBXFileReference; lastKnownFileType = file.storyboard; name = Base; path = Base.lproj/LaunchScreen.storyboard; sourceTree = "<group>"; };
		D45FE64B2278035400BFD756 /* Info.plist */ = {isa = PBXFileReference; lastKnownFileType = text.plist.xml; path = Info.plist; sourceTree = "<group>"; };
		D45FE64C2278035400BFD756 /* main.m */ = {isa = PBXFileReference; lastKnownFileType = sourcecode.c.objc; path = main.m; sourceTree = "<group>"; };
		D45FE655227804B100BFD756 /* BaseTableViewCell.h */ = {isa = PBXFileReference; lastKnownFileType = sourcecode.c.h; path = BaseTableViewCell.h; sourceTree = "<group>"; };
		D45FE656227804B100BFD756 /* BaseTableViewCell.m */ = {isa = PBXFileReference; lastKnownFileType = sourcecode.c.objc; path = BaseTableViewCell.m; sourceTree = "<group>"; };
		D45FE658227804C600BFD756 /* BaseCollectionViewCell.h */ = {isa = PBXFileReference; lastKnownFileType = sourcecode.c.h; path = BaseCollectionViewCell.h; sourceTree = "<group>"; };
		D45FE659227804C600BFD756 /* BaseCollectionViewCell.m */ = {isa = PBXFileReference; lastKnownFileType = sourcecode.c.objc; path = BaseCollectionViewCell.m; sourceTree = "<group>"; };
		D45FE65C2278051300BFD756 /* BaseResueModel.h */ = {isa = PBXFileReference; lastKnownFileType = sourcecode.c.h; path = BaseResueModel.h; sourceTree = "<group>"; };
		D45FE65D2278051300BFD756 /* BaseResueModel.m */ = {isa = PBXFileReference; lastKnownFileType = sourcecode.c.objc; path = BaseResueModel.m; sourceTree = "<group>"; };
		D45FE65F2278066500BFD756 /* BaseCollectionViewFlowLayout.h */ = {isa = PBXFileReference; lastKnownFileType = sourcecode.c.h; path = BaseCollectionViewFlowLayout.h; sourceTree = "<group>"; };
		D45FE6602278066500BFD756 /* BaseCollectionViewFlowLayout.m */ = {isa = PBXFileReference; lastKnownFileType = sourcecode.c.objc; path = BaseCollectionViewFlowLayout.m; sourceTree = "<group>"; };
		D45FE662227808C800BFD756 /* BaseReuseViewProtocol.h */ = {isa = PBXFileReference; lastKnownFileType = sourcecode.c.h; path = BaseReuseViewProtocol.h; sourceTree = "<group>"; };
		D45FE66322780A1F00BFD756 /* BaseReuseDataManager.h */ = {isa = PBXFileReference; lastKnownFileType = sourcecode.c.h; path = BaseReuseDataManager.h; sourceTree = "<group>"; };
		D45FE66422780A1F00BFD756 /* BaseReuseDataManager.m */ = {isa = PBXFileReference; lastKnownFileType = sourcecode.c.objc; path = BaseReuseDataManager.m; sourceTree = "<group>"; };
		D45FE66622780A3400BFD756 /* BaseDataManager.h */ = {isa = PBXFileReference; lastKnownFileType = sourcecode.c.h; path = BaseDataManager.h; sourceTree = "<group>"; };
		D45FE66722780A3400BFD756 /* BaseDataManager.m */ = {isa = PBXFileReference; lastKnownFileType = sourcecode.c.objc; path = BaseDataManager.m; sourceTree = "<group>"; };
		D45FE66A22780E4E00BFD756 /* BaseViewController.h */ = {isa = PBXFileReference; lastKnownFileType = sourcecode.c.h; path = BaseViewController.h; sourceTree = "<group>"; };
		D45FE66B22780E4E00BFD756 /* BaseViewController.m */ = {isa = PBXFileReference; lastKnownFileType = sourcecode.c.objc; path = BaseViewController.m; sourceTree = "<group>"; };
		D45FE6752278132600BFD756 /* BaseClassTests.xctest */ = {isa = PBXFileReference; explicitFileType = wrapper.cfbundle; includeInIndex = 0; path = BaseClassTests.xctest; sourceTree = BUILT_PRODUCTS_DIR; };
		D45FE6772278132600BFD756 /* BaseClassTests.m */ = {isa = PBXFileReference; lastKnownFileType = sourcecode.c.objc; path = BaseClassTests.m; sourceTree = "<group>"; };
		D45FE6792278132600BFD756 /* Info.plist */ = {isa = PBXFileReference; lastKnownFileType = text.plist.xml; path = Info.plist; sourceTree = "<group>"; };
		D45FE67F227813DF00BFD756 /* BaseTabBarController.h */ = {isa = PBXFileReference; lastKnownFileType = sourcecode.c.h; path = BaseTabBarController.h; sourceTree = "<group>"; };
		D45FE680227813DF00BFD756 /* BaseTabBarController.m */ = {isa = PBXFileReference; lastKnownFileType = sourcecode.c.objc; path = BaseTabBarController.m; sourceTree = "<group>"; };
		D45FE682227813FD00BFD756 /* BaseNavigationController.h */ = {isa = PBXFileReference; lastKnownFileType = sourcecode.c.h; path = BaseNavigationController.h; sourceTree = "<group>"; };
		D45FE683227813FD00BFD756 /* BaseNavigationController.m */ = {isa = PBXFileReference; lastKnownFileType = sourcecode.c.objc; path = BaseNavigationController.m; sourceTree = "<group>"; };
		D45FE68622782C3000BFD756 /* Test_TabBarController.h */ = {isa = PBXFileReference; lastKnownFileType = sourcecode.c.h; path = Test_TabBarController.h; sourceTree = "<group>"; };
		D45FE68722782C3000BFD756 /* Test_TabBarController.m */ = {isa = PBXFileReference; lastKnownFileType = sourcecode.c.objc; path = Test_TabBarController.m; sourceTree = "<group>"; };
		D45FE68822782C3000BFD756 /* Test_TabBarController.xib */ = {isa = PBXFileReference; lastKnownFileType = file.xib; path = Test_TabBarController.xib; sourceTree = "<group>"; };
		D45FE68B22782C4D00BFD756 /* Test_NavigationController.h */ = {isa = PBXFileReference; lastKnownFileType = sourcecode.c.h; path = Test_NavigationController.h; sourceTree = "<group>"; };
		D45FE68C22782C4D00BFD756 /* Test_NavigationController.m */ = {isa = PBXFileReference; lastKnownFileType = sourcecode.c.objc; path = Test_NavigationController.m; sourceTree = "<group>"; };
		D45FE68D22782C4D00BFD756 /* Test_NavigationController.xib */ = {isa = PBXFileReference; lastKnownFileType = file.xib; path = Test_NavigationController.xib; sourceTree = "<group>"; };
		D45FE69022782C6100BFD756 /* Test_ViewController.h */ = {isa = PBXFileReference; lastKnownFileType = sourcecode.c.h; path = Test_ViewController.h; sourceTree = "<group>"; };
		D45FE69122782C6100BFD756 /* Test_ViewController.m */ = {isa = PBXFileReference; lastKnownFileType = sourcecode.c.objc; path = Test_ViewController.m; sourceTree = "<group>"; };
		D45FE69222782C6100BFD756 /* Test_ViewController.xib */ = {isa = PBXFileReference; lastKnownFileType = file.xib; path = Test_ViewController.xib; sourceTree = "<group>"; };
		D45FE69722782EE400BFD756 /* Test_DataManager.h */ = {isa = PBXFileReference; lastKnownFileType = sourcecode.c.h; path = Test_DataManager.h; sourceTree = "<group>"; };
		D45FE69822782EE400BFD756 /* Test_DataManager.m */ = {isa = PBXFileReference; lastKnownFileType = sourcecode.c.objc; path = Test_DataManager.m; sourceTree = "<group>"; };
		D45FE69A22782EF700BFD756 /* Test_ReuseModel.h */ = {isa = PBXFileReference; lastKnownFileType = sourcecode.c.h; path = Test_ReuseModel.h; sourceTree = "<group>"; };
		D45FE69B22782EF700BFD756 /* Test_ReuseModel.m */ = {isa = PBXFileReference; lastKnownFileType = sourcecode.c.objc; path = Test_ReuseModel.m; sourceTree = "<group>"; };
		D45FE69D22782F5500BFD756 /* Test_TableViewCell.h */ = {isa = PBXFileReference; lastKnownFileType = sourcecode.c.h; path = Test_TableViewCell.h; sourceTree = "<group>"; };
		D45FE69E22782F5500BFD756 /* Test_TableViewCell.m */ = {isa = PBXFileReference; lastKnownFileType = sourcecode.c.objc; path = Test_TableViewCell.m; sourceTree = "<group>"; };
		D45FE69F22782F5500BFD756 /* Test_TableViewCell.xib */ = {isa = PBXFileReference; lastKnownFileType = file.xib; path = Test_TableViewCell.xib; sourceTree = "<group>"; };
		D45FE6A9227838A700BFD756 /* Test_CVFlowLayout.h */ = {isa = PBXFileReference; lastKnownFileType = sourcecode.c.h; path = Test_CVFlowLayout.h; sourceTree = "<group>"; };
		D45FE6AA227838A700BFD756 /* Test_CVFlowLayout.m */ = {isa = PBXFileReference; lastKnownFileType = sourcecode.c.objc; path = Test_CVFlowLayout.m; sourceTree = "<group>"; };
		D45FE6AC22783AE900BFD756 /* Test_CollectionViewCell.h */ = {isa = PBXFileReference; lastKnownFileType = sourcecode.c.h; path = Test_CollectionViewCell.h; sourceTree = "<group>"; };
		D45FE6AD22783AE900BFD756 /* Test_CollectionViewCell.m */ = {isa = PBXFileReference; lastKnownFileType = sourcecode.c.objc; path = Test_CollectionViewCell.m; sourceTree = "<group>"; };
		D45FE6AE22783AE900BFD756 /* Test_CollectionViewCell.xib */ = {isa = PBXFileReference; lastKnownFileType = file.xib; path = Test_CollectionViewCell.xib; sourceTree = "<group>"; };
		D45FE6B122783F3500BFD756 /* Test_CollectionViewController.h */ = {isa = PBXFileReference; lastKnownFileType = sourcecode.c.h; path = Test_CollectionViewController.h; sourceTree = "<group>"; };
		D45FE6B222783F3500BFD756 /* Test_CollectionViewController.m */ = {isa = PBXFileReference; lastKnownFileType = sourcecode.c.objc; path = Test_CollectionViewController.m; sourceTree = "<group>"; };
		D45FE6B322783F3500BFD756 /* Test_CollectionViewController.xib */ = {isa = PBXFileReference; lastKnownFileType = file.xib; path = Test_CollectionViewController.xib; sourceTree = "<group>"; };
/* End PBXFileReference section */

/* Begin PBXFrameworksBuildPhase section */
		D45FE6372278034E00BFD756 /* Frameworks */ = {
			isa = PBXFrameworksBuildPhase;
			buildActionMask = 2147483647;
			files = (
			);
			runOnlyForDeploymentPostprocessing = 0;
		};
		D45FE6722278132600BFD756 /* Frameworks */ = {
			isa = PBXFrameworksBuildPhase;
			buildActionMask = 2147483647;
			files = (
			);
			runOnlyForDeploymentPostprocessing = 0;
		};
/* End PBXFrameworksBuildPhase section */

/* Begin PBXGroup section */
		D45FE6312278034E00BFD756 = {
			isa = PBXGroup;
			children = (
				D45FE63C2278034E00BFD756 /* BaseClass */,
				D45FE6762278132600BFD756 /* BaseClassTests */,
				D45FE63B2278034E00BFD756 /* Products */,
			);
			sourceTree = "<group>";
		};
		D45FE63B2278034E00BFD756 /* Products */ = {
			isa = PBXGroup;
			children = (
				D45FE63A2278034E00BFD756 /* BaseClass.app */,
				D45FE6752278132600BFD756 /* BaseClassTests.xctest */,
			);
			name = Products;
			sourceTree = "<group>";
		};
		D45FE63C2278034E00BFD756 /* BaseClass */ = {
			isa = PBXGroup;
			children = (
				D45FE63D2278034E00BFD756 /* AppDelegate.h */,
				D45FE63E2278034E00BFD756 /* AppDelegate.m */,
				D45FE68522782BF200BFD756 /* Demo */,
				D45FE6532278047A00BFD756 /* BaseClass */,
				D45FE6402278034E00BFD756 /* ViewController.h */,
				D45FE6412278034E00BFD756 /* ViewController.m */,
				D45FE6432278034E00BFD756 /* Main.storyboard */,
				D45FE6462278035400BFD756 /* Assets.xcassets */,
				D45FE6482278035400BFD756 /* LaunchScreen.storyboard */,
				D45FE64B2278035400BFD756 /* Info.plist */,
				D45FE64C2278035400BFD756 /* main.m */,
			);
			path = BaseClass;
			sourceTree = "<group>";
		};
		D45FE6532278047A00BFD756 /* BaseClass */ = {
			isa = PBXGroup;
			children = (
				D45FE66D22780E5100BFD756 /* Controller */,
				D45FE65B227804DE00BFD756 /* Object */,
				D45FE6542278048900BFD756 /* View */,
			);
			path = BaseClass;
			sourceTree = "<group>";
		};
		D45FE6542278048900BFD756 /* View */ = {
			isa = PBXGroup;
			children = (
				D45FE655227804B100BFD756 /* BaseTableViewCell.h */,
				D45FE656227804B100BFD756 /* BaseTableViewCell.m */,
				D45FE658227804C600BFD756 /* BaseCollectionViewCell.h */,
				D45FE659227804C600BFD756 /* BaseCollectionViewCell.m */,
			);
			path = View;
			sourceTree = "<group>";
		};
		D45FE65B227804DE00BFD756 /* Object */ = {
			isa = PBXGroup;
			children = (
				D45FE662227808C800BFD756 /* BaseReuseViewProtocol.h */,
				D45FE65C2278051300BFD756 /* BaseResueModel.h */,
				D45FE65D2278051300BFD756 /* BaseResueModel.m */,
				D45FE65F2278066500BFD756 /* BaseCollectionViewFlowLayout.h */,
				D45FE6602278066500BFD756 /* BaseCollectionViewFlowLayout.m */,
				D45FE66322780A1F00BFD756 /* BaseReuseDataManager.h */,
				D45FE66422780A1F00BFD756 /* BaseReuseDataManager.m */,
				D45FE66622780A3400BFD756 /* BaseDataManager.h */,
				D45FE66722780A3400BFD756 /* BaseDataManager.m */,
			);
			path = Object;
			sourceTree = "<group>";
		};
		D45FE66D22780E5100BFD756 /* Controller */ = {
			isa = PBXGroup;
			children = (
				D45FE66A22780E4E00BFD756 /* BaseViewController.h */,
				D45FE66B22780E4E00BFD756 /* BaseViewController.m */,
				D45FE67F227813DF00BFD756 /* BaseTabBarController.h */,
				D45FE680227813DF00BFD756 /* BaseTabBarController.m */,
				D45FE682227813FD00BFD756 /* BaseNavigationController.h */,
				D45FE683227813FD00BFD756 /* BaseNavigationController.m */,
			);
			path = Controller;
			sourceTree = "<group>";
		};
		D45FE6762278132600BFD756 /* BaseClassTests */ = {
			isa = PBXGroup;
			children = (
				D45FE6772278132600BFD756 /* BaseClassTests.m */,
				D45FE6792278132600BFD756 /* Info.plist */,
			);
			path = BaseClassTests;
			sourceTree = "<group>";
		};
		D45FE68522782BF200BFD756 /* Demo */ = {
			isa = PBXGroup;
			children = (
				D45FE6A82278381300BFD756 /* CollectionViewController */,
				D45FE6A72278380600BFD756 /* TableViewController */,
				D45FE69622782EC600BFD756 /* Objects */,
				D45FE69522782E2000BFD756 /* View */,
				D45FE68622782C3000BFD756 /* Test_TabBarController.h */,
				D45FE68722782C3000BFD756 /* Test_TabBarController.m */,
				D45FE68822782C3000BFD756 /* Test_TabBarController.xib */,
				D45FE68B22782C4D00BFD756 /* Test_NavigationController.h */,
				D45FE68C22782C4D00BFD756 /* Test_NavigationController.m */,
				D45FE68D22782C4D00BFD756 /* Test_NavigationController.xib */,
			);
			path = Demo;
			sourceTree = "<group>";
		};
		D45FE69522782E2000BFD756 /* View */ = {
			isa = PBXGroup;
			children = (
				D45FE69D22782F5500BFD756 /* Test_TableViewCell.h */,
				D45FE69E22782F5500BFD756 /* Test_TableViewCell.m */,
				D45FE69F22782F5500BFD756 /* Test_TableViewCell.xib */,
				D45FE6AC22783AE900BFD756 /* Test_CollectionViewCell.h */,
				D45FE6AD22783AE900BFD756 /* Test_CollectionViewCell.m */,
				D45FE6AE22783AE900BFD756 /* Test_CollectionViewCell.xib */,
			);
			path = View;
			sourceTree = "<group>";
		};
		D45FE69622782EC600BFD756 /* Objects */ = {
			isa = PBXGroup;
			children = (
				D45FE69722782EE400BFD756 /* Test_DataManager.h */,
				D45FE69822782EE400BFD756 /* Test_DataManager.m */,
				D45FE69A22782EF700BFD756 /* Test_ReuseModel.h */,
				D45FE69B22782EF700BFD756 /* Test_ReuseModel.m */,
				D45FE6A9227838A700BFD756 /* Test_CVFlowLayout.h */,
				D45FE6AA227838A700BFD756 /* Test_CVFlowLayout.m */,
			);
			path = Objects;
			sourceTree = "<group>";
		};
		D45FE6A72278380600BFD756 /* TableViewController */ = {
			isa = PBXGroup;
			children = (
				D45FE69022782C6100BFD756 /* Test_ViewController.h */,
				D45FE69122782C6100BFD756 /* Test_ViewController.m */,
				D45FE69222782C6100BFD756 /* Test_ViewController.xib */,
			);
			path = TableViewController;
			sourceTree = "<group>";
		};
		D45FE6A82278381300BFD756 /* CollectionViewController */ = {
			isa = PBXGroup;
			children = (
				D45FE6B122783F3500BFD756 /* Test_CollectionViewController.h */,
				D45FE6B222783F3500BFD756 /* Test_CollectionViewController.m */,
				D45FE6B322783F3500BFD756 /* Test_CollectionViewController.xib */,
			);
			path = CollectionViewController;
			sourceTree = "<group>";
		};
/* End PBXGroup section */

/* Begin PBXNativeTarget section */
		D45FE6392278034E00BFD756 /* BaseClass */ = {
			isa = PBXNativeTarget;
			buildConfigurationList = D45FE6502278035400BFD756 /* Build configuration list for PBXNativeTarget "BaseClass" */;
			buildPhases = (
				D45FE6362278034E00BFD756 /* Sources */,
				D45FE6372278034E00BFD756 /* Frameworks */,
				D45FE6382278034E00BFD756 /* Resources */,
			);
			buildRules = (
			);
			dependencies = (
			);
			name = BaseClass;
			productName = BaseClass;
			productReference = D45FE63A2278034E00BFD756 /* BaseClass.app */;
			productType = "com.apple.product-type.application";
		};
		D45FE6742278132600BFD756 /* BaseClassTests */ = {
			isa = PBXNativeTarget;
			buildConfigurationList = D45FE67C2278132600BFD756 /* Build configuration list for PBXNativeTarget "BaseClassTests" */;
			buildPhases = (
				D45FE6712278132600BFD756 /* Sources */,
				D45FE6722278132600BFD756 /* Frameworks */,
				D45FE6732278132600BFD756 /* Resources */,
			);
			buildRules = (
			);
			dependencies = (
				D45FE67B2278132600BFD756 /* PBXTargetDependency */,
			);
			name = BaseClassTests;
			productName = BaseClassTests;
			productReference = D45FE6752278132600BFD756 /* BaseClassTests.xctest */;
			productType = "com.apple.product-type.bundle.unit-test";
		};
/* End PBXNativeTarget section */

/* Begin PBXProject section */
		D45FE6322278034E00BFD756 /* Project object */ = {
			isa = PBXProject;
			attributes = {
				LastUpgradeCheck = 1020;
				ORGANIZATIONNAME = "谢飞";
				TargetAttributes = {
					D45FE6392278034E00BFD756 = {
						CreatedOnToolsVersion = 10.2.1;
					};
					D45FE6742278132600BFD756 = {
						CreatedOnToolsVersion = 10.2.1;
						TestTargetID = D45FE6392278034E00BFD756;
					};
				};
			};
			buildConfigurationList = D45FE6352278034E00BFD756 /* Build configuration list for PBXProject "BaseClass" */;
			compatibilityVersion = "Xcode 9.3";
			developmentRegion = en;
			hasScannedForEncodings = 0;
			knownRegions = (
				en,
				Base,
			);
			mainGroup = D45FE6312278034E00BFD756;
			productRefGroup = D45FE63B2278034E00BFD756 /* Products */;
			projectDirPath = "";
			projectRoot = "";
			targets = (
				D45FE6392278034E00BFD756 /* BaseClass */,
				D45FE6742278132600BFD756 /* BaseClassTests */,
			);
		};
/* End PBXProject section */

/* Begin PBXResourcesBuildPhase section */
		D45FE6382278034E00BFD756 /* Resources */ = {
			isa = PBXResourcesBuildPhase;
			buildActionMask = 2147483647;
			files = (
				D45FE69422782C6100BFD756 /* Test_ViewController.xib in Resources */,
				D45FE68F22782C4D00BFD756 /* Test_NavigationController.xib in Resources */,
				D45FE6B522783F3500BFD756 /* Test_CollectionViewController.xib in Resources */,
				D45FE64A2278035400BFD756 /* LaunchScreen.storyboard in Resources */,
				D45FE6B022783AE900BFD756 /* Test_CollectionViewCell.xib in Resources */,
				D45FE68A22782C3000BFD756 /* Test_TabBarController.xib in Resources */,
				D45FE6472278035400BFD756 /* Assets.xcassets in Resources */,
				D45FE6452278034E00BFD756 /* Main.storyboard in Resources */,
				D45FE6A122782F5500BFD756 /* Test_TableViewCell.xib in Resources */,
			);
			runOnlyForDeploymentPostprocessing = 0;
		};
		D45FE6732278132600BFD756 /* Resources */ = {
			isa = PBXResourcesBuildPhase;
			buildActionMask = 2147483647;
			files = (
			);
			runOnlyForDeploymentPostprocessing = 0;
		};
/* End PBXResourcesBuildPhase section */

/* Begin PBXSourcesBuildPhase section */
		D45FE6362278034E00BFD756 /* Sources */ = {
			isa = PBXSourcesBuildPhase;
			buildActionMask = 2147483647;
			files = (
				D45FE657227804B100BFD756 /* BaseTableViewCell.m in Sources */,
				D45FE69922782EE400BFD756 /* Test_DataManager.m in Sources */,
				D45FE68E22782C4D00BFD756 /* Test_NavigationController.m in Sources */,
				D45FE69322782C6100BFD756 /* Test_ViewController.m in Sources */,
				D45FE66C22780E4E00BFD756 /* BaseViewController.m in Sources */,
				D45FE69C22782EF700BFD756 /* Test_ReuseModel.m in Sources */,
				D45FE6B422783F3500BFD756 /* Test_CollectionViewController.m in Sources */,
				D45FE6422278034E00BFD756 /* ViewController.m in Sources */,
				D45FE68922782C3000BFD756 /* Test_TabBarController.m in Sources */,
				D45FE64D2278035400BFD756 /* main.m in Sources */,
				D45FE681227813DF00BFD756 /* BaseTabBarController.m in Sources */,
				D45FE684227813FD00BFD756 /* BaseNavigationController.m in Sources */,
				D45FE66822780A3400BFD756 /* BaseDataManager.m in Sources */,
				D45FE6AB227838A700BFD756 /* Test_CVFlowLayout.m in Sources */,
				D45FE6AF22783AE900BFD756 /* Test_CollectionViewCell.m in Sources */,
				D45FE6612278066500BFD756 /* BaseCollectionViewFlowLayout.m in Sources */,
				D45FE65E2278051300BFD756 /* BaseResueModel.m in Sources */,
				D45FE66522780A1F00BFD756 /* BaseReuseDataManager.m in Sources */,
				D45FE65A227804C600BFD756 /* BaseCollectionViewCell.m in Sources */,
				D45FE63F2278034E00BFD756 /* AppDelegate.m in Sources */,
				D45FE6A022782F5500BFD756 /* Test_TableViewCell.m in Sources */,
			);
			runOnlyForDeploymentPostprocessing = 0;
		};
		D45FE6712278132600BFD756 /* Sources */ = {
			isa = PBXSourcesBuildPhase;
			buildActionMask = 2147483647;
			files = (
				D45FE6782278132600BFD756 /* BaseClassTests.m in Sources */,
			);
			runOnlyForDeploymentPostprocessing = 0;
		};
/* End PBXSourcesBuildPhase section */

/* Begin PBXTargetDependency section */
		D45FE67B2278132600BFD756 /* PBXTargetDependency */ = {
			isa = PBXTargetDependency;
			target = D45FE6392278034E00BFD756 /* BaseClass */;
			targetProxy = D45FE67A2278132600BFD756 /* PBXContainerItemProxy */;
		};
/* End PBXTargetDependency section */

/* Begin PBXVariantGroup section */
		D45FE6432278034E00BFD756 /* Main.storyboard */ = {
			isa = PBXVariantGroup;
			children = (
				D45FE6442278034E00BFD756 /* Base */,
			);
			name = Main.storyboard;
			sourceTree = "<group>";
		};
		D45FE6482278035400BFD756 /* LaunchScreen.storyboard */ = {
			isa = PBXVariantGroup;
			children = (
				D45FE6492278035400BFD756 /* Base */,
			);
			name = LaunchScreen.storyboard;
			sourceTree = "<group>";
		};
/* End PBXVariantGroup section */

/* Begin XCBuildConfiguration section */
		D45FE64E2278035400BFD756 /* Debug */ = {
			isa = XCBuildConfiguration;
			buildSettings = {
				ALWAYS_SEARCH_USER_PATHS = NO;
				CLANG_ANALYZER_NONNULL = YES;
				CLANG_ANALYZER_NUMBER_OBJECT_CONVERSION = YES_AGGRESSIVE;
				CLANG_CXX_LANGUAGE_STANDARD = "gnu++14";
				CLANG_CXX_LIBRARY = "libc++";
				CLANG_ENABLE_MODULES = YES;
				CLANG_ENABLE_OBJC_ARC = YES;
				CLANG_ENABLE_OBJC_WEAK = YES;
				CLANG_WARN_BLOCK_CAPTURE_AUTORELEASING = YES;
				CLANG_WARN_BOOL_CONVERSION = YES;
				CLANG_WARN_COMMA = YES;
				CLANG_WARN_CONSTANT_CONVERSION = YES;
				CLANG_WARN_DEPRECATED_OBJC_IMPLEMENTATIONS = YES;
				CLANG_WARN_DIRECT_OBJC_ISA_USAGE = YES_ERROR;
				CLANG_WARN_DOCUMENTATION_COMMENTS = YES;
				CLANG_WARN_EMPTY_BODY = YES;
				CLANG_WARN_ENUM_CONVERSION = YES;
				CLANG_WARN_INFINITE_RECURSION = YES;
				CLANG_WARN_INT_CONVERSION = YES;
				CLANG_WARN_NON_LITERAL_NULL_CONVERSION = YES;
				CLANG_WARN_OBJC_IMPLICIT_RETAIN_SELF = YES;
				CLANG_WARN_OBJC_LITERAL_CONVERSION = YES;
				CLANG_WARN_OBJC_ROOT_CLASS = YES_ERROR;
				CLANG_WARN_RANGE_LOOP_ANALYSIS = YES;
				CLANG_WARN_STRICT_PROTOTYPES = YES;
				CLANG_WARN_SUSPICIOUS_MOVE = YES;
				CLANG_WARN_UNGUARDED_AVAILABILITY = YES_AGGRESSIVE;
				CLANG_WARN_UNREACHABLE_CODE = YES;
				CLANG_WARN__DUPLICATE_METHOD_MATCH = YES;
				CODE_SIGN_IDENTITY = "iPhone Developer";
				COPY_PHASE_STRIP = NO;
				DEBUG_INFORMATION_FORMAT = dwarf;
				ENABLE_STRICT_OBJC_MSGSEND = YES;
				ENABLE_TESTABILITY = YES;
				GCC_C_LANGUAGE_STANDARD = gnu11;
				GCC_DYNAMIC_NO_PIC = NO;
				GCC_NO_COMMON_BLOCKS = YES;
				GCC_OPTIMIZATION_LEVEL = 0;
				GCC_PREPROCESSOR_DEFINITIONS = (
					"DEBUG=1",
					"$(inherited)",
				);
				GCC_WARN_64_TO_32_BIT_CONVERSION = YES;
				GCC_WARN_ABOUT_RETURN_TYPE = YES_ERROR;
				GCC_WARN_UNDECLARED_SELECTOR = YES;
				GCC_WARN_UNINITIALIZED_AUTOS = YES_AGGRESSIVE;
				GCC_WARN_UNUSED_FUNCTION = YES;
				GCC_WARN_UNUSED_VARIABLE = YES;
				IPHONEOS_DEPLOYMENT_TARGET = 12.2;
				MTL_ENABLE_DEBUG_INFO = INCLUDE_SOURCE;
				MTL_FAST_MATH = YES;
				ONLY_ACTIVE_ARCH = YES;
				SDKROOT = iphoneos;
			};
			name = Debug;
		};
		D45FE64F2278035400BFD756 /* Release */ = {
			isa = XCBuildConfiguration;
			buildSettings = {
				ALWAYS_SEARCH_USER_PATHS = NO;
				CLANG_ANALYZER_NONNULL = YES;
				CLANG_ANALYZER_NUMBER_OBJECT_CONVERSION = YES_AGGRESSIVE;
				CLANG_CXX_LANGUAGE_STANDARD = "gnu++14";
				CLANG_CXX_LIBRARY = "libc++";
				CLANG_ENABLE_MODULES = YES;
				CLANG_ENABLE_OBJC_ARC = YES;
				CLANG_ENABLE_OBJC_WEAK = YES;
				CLANG_WARN_BLOCK_CAPTURE_AUTORELEASING = YES;
				CLANG_WARN_BOOL_CONVERSION = YES;
				CLANG_WARN_COMMA = YES;
				CLANG_WARN_CONSTANT_CONVERSION = YES;
				CLANG_WARN_DEPRECATED_OBJC_IMPLEMENTATIONS = YES;
				CLANG_WARN_DIRECT_OBJC_ISA_USAGE = YES_ERROR;
				CLANG_WARN_DOCUMENTATION_COMMENTS = YES;
				CLANG_WARN_EMPTY_BODY = YES;
				CLANG_WARN_ENUM_CONVERSION = YES;
				CLANG_WARN_INFINITE_RECURSION = YES;
				CLANG_WARN_INT_CONVERSION = YES;
				CLANG_WARN_NON_LITERAL_NULL_CONVERSION = YES;
				CLANG_WARN_OBJC_IMPLICIT_RETAIN_SELF = YES;
				CLANG_WARN_OBJC_LITERAL_CONVERSION = YES;
				CLANG_WARN_OBJC_ROOT_CLASS = YES_ERROR;
				CLANG_WARN_RANGE_LOOP_ANALYSIS = YES;
				CLANG_WARN_STRICT_PROTOTYPES = YES;
				CLANG_WARN_SUSPICIOUS_MOVE = YES;
				CLANG_WARN_UNGUARDED_AVAILABILITY = YES_AGGRESSIVE;
				CLANG_WARN_UNREACHABLE_CODE = YES;
				CLANG_WARN__DUPLICATE_METHOD_MATCH = YES;
				CODE_SIGN_IDENTITY = "iPhone Developer";
				COPY_PHASE_STRIP = NO;
				DEBUG_INFORMATION_FORMAT = "dwarf-with-dsym";
				ENABLE_NS_ASSERTIONS = NO;
				ENABLE_STRICT_OBJC_MSGSEND = YES;
				GCC_C_LANGUAGE_STANDARD = gnu11;
				GCC_NO_COMMON_BLOCKS = YES;
				GCC_WARN_64_TO_32_BIT_CONVERSION = YES;
				GCC_WARN_ABOUT_RETURN_TYPE = YES_ERROR;
				GCC_WARN_UNDECLARED_SELECTOR = YES;
				GCC_WARN_UNINITIALIZED_AUTOS = YES_AGGRESSIVE;
				GCC_WARN_UNUSED_FUNCTION = YES;
				GCC_WARN_UNUSED_VARIABLE = YES;
				IPHONEOS_DEPLOYMENT_TARGET = 12.2;
				MTL_ENABLE_DEBUG_INFO = NO;
				MTL_FAST_MATH = YES;
				SDKROOT = iphoneos;
				VALIDATE_PRODUCT = YES;
			};
			name = Release;
		};
		D45FE6512278035400BFD756 /* Debug */ = {
			isa = XCBuildConfiguration;
			buildSettings = {
				ASSETCATALOG_COMPILER_APPICON_NAME = AppIcon;
				CODE_SIGN_STYLE = Automatic;
				DEVELOPMENT_TEAM = 346F9C6337;
				INFOPLIST_FILE = BaseClass/Info.plist;
				IPHONEOS_DEPLOYMENT_TARGET = 12.0;
				LD_RUNPATH_SEARCH_PATHS = (
					"$(inherited)",
					"@executable_path/Frameworks",
				);
				PRODUCT_BUNDLE_IDENTIFIER = com.YanYi.BaseClass;
				PRODUCT_NAME = "$(TARGET_NAME)";
				TARGETED_DEVICE_FAMILY = "1,2";
			};
			name = Debug;
		};
		D45FE6522278035400BFD756 /* Release */ = {
			isa = XCBuildConfiguration;
			buildSettings = {
				ASSETCATALOG_COMPILER_APPICON_NAME = AppIcon;
				CODE_SIGN_STYLE = Automatic;
				DEVELOPMENT_TEAM = 346F9C6337;
				INFOPLIST_FILE = BaseClass/Info.plist;
				IPHONEOS_DEPLOYMENT_TARGET = 12.0;
				LD_RUNPATH_SEARCH_PATHS = (
					"$(inherited)",
					"@executable_path/Frameworks",
				);
				PRODUCT_BUNDLE_IDENTIFIER = com.YanYi.BaseClass;
				PRODUCT_NAME = "$(TARGET_NAME)";
				TARGETED_DEVICE_FAMILY = "1,2";
			};
			name = Release;
		};
		D45FE67D2278132600BFD756 /* Debug */ = {
			isa = XCBuildConfiguration;
			buildSettings = {
				BUNDLE_LOADER = "$(TEST_HOST)";
				CODE_SIGN_STYLE = Automatic;
				DEVELOPMENT_TEAM = NB834M3BNU;
				INFOPLIST_FILE = BaseClassTests/Info.plist;
				LD_RUNPATH_SEARCH_PATHS = (
					"$(inherited)",
					"@executable_path/Frameworks",
					"@loader_path/Frameworks",
				);
				PRODUCT_BUNDLE_IDENTIFIER = com.YanYi.BaseClassTests;
				PRODUCT_NAME = "$(TARGET_NAME)";
				TARGETED_DEVICE_FAMILY = "1,2";
				TEST_HOST = "$(BUILT_PRODUCTS_DIR)/BaseClass.app/BaseClass";
			};
			name = Debug;
		};
		D45FE67E2278132600BFD756 /* Release */ = {
			isa = XCBuildConfiguration;
			buildSettings = {
				BUNDLE_LOADER = "$(TEST_HOST)";
				CODE_SIGN_STYLE = Automatic;
				DEVELOPMENT_TEAM = NB834M3BNU;
				INFOPLIST_FILE = BaseClassTests/Info.plist;
				LD_RUNPATH_SEARCH_PATHS = (
					"$(inherited)",
					"@executable_path/Frameworks",
					"@loader_path/Frameworks",
				);
				PRODUCT_BUNDLE_IDENTIFIER = com.YanYi.BaseClassTests;
				PRODUCT_NAME = "$(TARGET_NAME)";
				TARGETED_DEVICE_FAMILY = "1,2";
				TEST_HOST = "$(BUILT_PRODUCTS_DIR)/BaseClass.app/BaseClass";
			};
			name = Release;
		};
/* End XCBuildConfiguration section */

/* Begin XCConfigurationList section */
		D45FE6352278034E00BFD756 /* Build configuration list for PBXProject "BaseClass" */ = {
			isa = XCConfigurationList;
			buildConfigurations = (
				D45FE64E2278035400BFD756 /* Debug */,
				D45FE64F2278035400BFD756 /* Release */,
			);
			defaultConfigurationIsVisible = 0;
			defaultConfigurationName = Release;
		};
		D45FE6502278035400BFD756 /* Build configuration list for PBXNativeTarget "BaseClass" */ = {
			isa = XCConfigurationList;
			buildConfigurations = (
				D45FE6512278035400BFD756 /* Debug */,
				D45FE6522278035400BFD756 /* Release */,
			);
			defaultConfigurationIsVisible = 0;
			defaultConfigurationName = Release;
		};
		D45FE67C2278132600BFD756 /* Build configuration list for PBXNativeTarget "BaseClassTests" */ = {
			isa = XCConfigurationList;
			buildConfigurations = (
				D45FE67D2278132600BFD756 /* Debug */,
				D45FE67E2278132600BFD756 /* Release */,
			);
			defaultConfigurationIsVisible = 0;
			defaultConfigurationName = Release;
		};
/* End XCConfigurationList section */
	};
	rootObject = D45FE6322278034E00BFD756 /* Project object */;
}
